// !$*UTF8*$!
{
	archiveVersion = 1;
	classes = {
	};
	objectVersion = 46;
	objects = {

/* Begin PBXBuildFile section */
		3E369CF720AFFC8500F26B08 /* AppDelegate.swift in Sources */ = {isa = PBXBuildFile; fileRef = 3E369CF620AFFC8500F26B08 /* AppDelegate.swift */; };
		3E369CFB20AFFC8500F26B08 /* Assets.xcassets in Resources */ = {isa = PBXBuildFile; fileRef = 3E369CFA20AFFC8500F26B08 /* Assets.xcassets */; };
		3E369D0620AFFCD700F26B08 /* MainMenu.xib in Resources */ = {isa = PBXBuildFile; fileRef = 3E369D0520AFFCD700F26B08 /* MainMenu.xib */; };
		3E369D0820AFFE7600F26B08 /* KeyHandler.swift in Sources */ = {isa = PBXBuildFile; fileRef = 3E369D0720AFFE7600F26B08 /* KeyHandler.swift */; };
		3E369D0B20B00BBB00F26B08 /* Profile.swift in Sources */ = {isa = PBXBuildFile; fileRef = 3E369D0A20B00BBB00F26B08 /* Profile.swift */; };
		3E369D0E20B0110C00F26B08 /* MapperWindow.xib in Resources */ = {isa = PBXBuildFile; fileRef = 3E369D0D20B0110C00F26B08 /* MapperWindow.xib */; };
		3E369D1120B0190B00F26B08 /* MapperWindowController.swift in Sources */ = {isa = PBXBuildFile; fileRef = 3E369D1020B0190B00F26B08 /* MapperWindowController.swift */; };
		3E369D1320B01DE800F26B08 /* ProfileContext.swift in Sources */ = {isa = PBXBuildFile; fileRef = 3E369D1220B01DE800F26B08 /* ProfileContext.swift */; };
		3E369D1520B0209700F26B08 /* ProfileDataSource.swift in Sources */ = {isa = PBXBuildFile; fileRef = 3E369D1420B0209700F26B08 /* ProfileDataSource.swift */; };
		3E612D7520B153FF008CE4C7 /* ActionExecutor.swift in Sources */ = {isa = PBXBuildFile; fileRef = 3E612D7420B153FF008CE4C7 /* ActionExecutor.swift */; };
		3E9BB12B20B135DE00E70738 /* AddMappingDialog.xib in Resources */ = {isa = PBXBuildFile; fileRef = 3E9BB12A20B135DE00E70738 /* AddMappingDialog.xib */; };
		3E9BB12D20B13BE700E70738 /* ShortcutField.swift in Sources */ = {isa = PBXBuildFile; fileRef = 3E9BB12C20B13BE700E70738 /* ShortcutField.swift */; };
		3E9BB12F20B13E0700E70738 /* AddMappingDialogController.swift in Sources */ = {isa = PBXBuildFile; fileRef = 3E9BB12E20B13E0700E70738 /* AddMappingDialogController.swift */; };
/* End PBXBuildFile section */

/* Begin PBXFileReference section */
		3E369CF320AFFC8500F26B08 /* HotKeys.app */ = {isa = PBXFileReference; explicitFileType = wrapper.application; includeInIndex = 0; path = HotKeys.app; sourceTree = BUILT_PRODUCTS_DIR; };
		3E369CF620AFFC8500F26B08 /* AppDelegate.swift */ = {isa = PBXFileReference; lastKnownFileType = sourcecode.swift; path = AppDelegate.swift; sourceTree = "<group>"; };
		3E369CFA20AFFC8500F26B08 /* Assets.xcassets */ = {isa = PBXFileReference; lastKnownFileType = folder.assetcatalog; name = Assets.xcassets; path = HotKeys/Assets.xcassets; sourceTree = "<group>"; };
		3E369CFF20AFFC8500F26B08 /* Info.plist */ = {isa = PBXFileReference; lastKnownFileType = text.plist.xml; name = Info.plist; path = HotKeys/Info.plist; sourceTree = "<group>"; };
		3E369D0520AFFCD700F26B08 /* MainMenu.xib */ = {isa = PBXFileReference; fileEncoding = 4; lastKnownFileType = file.xib; path = MainMenu.xib; sourceTree = "<group>"; };
		3E369D0720AFFE7600F26B08 /* KeyHandler.swift */ = {isa = PBXFileReference; fileEncoding = 4; lastKnownFileType = sourcecode.swift; path = KeyHandler.swift; sourceTree = "<group>"; };
		3E369D0A20B00BBB00F26B08 /* Profile.swift */ = {isa = PBXFileReference; fileEncoding = 4; lastKnownFileType = sourcecode.swift; path = Profile.swift; sourceTree = "<group>"; };
		3E369D0D20B0110C00F26B08 /* MapperWindow.xib */ = {isa = PBXFileReference; fileEncoding = 4; lastKnownFileType = file.xib; path = MapperWindow.xib; sourceTree = "<group>"; };
		3E369D1020B0190B00F26B08 /* MapperWindowController.swift */ = {isa = PBXFileReference; fileEncoding = 4; lastKnownFileType = sourcecode.swift; path = MapperWindowController.swift; sourceTree = "<group>"; };
		3E369D1220B01DE800F26B08 /* ProfileContext.swift */ = {isa = PBXFileReference; fileEncoding = 4; lastKnownFileType = sourcecode.swift; name = ProfileContext.swift; path = ../ProfileContext.swift; sourceTree = "<group>"; };
		3E369D1420B0209700F26B08 /* ProfileDataSource.swift */ = {isa = PBXFileReference; fileEncoding = 4; lastKnownFileType = sourcecode.swift; path = ProfileDataSource.swift; sourceTree = "<group>"; };
		3E612D7420B153FF008CE4C7 /* ActionExecutor.swift */ = {isa = PBXFileReference; fileEncoding = 4; lastKnownFileType = sourcecode.swift; path = ActionExecutor.swift; sourceTree = "<group>"; };
		3E9BB12A20B135DE00E70738 /* AddMappingDialog.xib */ = {isa = PBXFileReference; fileEncoding = 4; lastKnownFileType = file.xib; path = AddMappingDialog.xib; sourceTree = "<group>"; };
		3E9BB12C20B13BE700E70738 /* ShortcutField.swift */ = {isa = PBXFileReference; fileEncoding = 4; lastKnownFileType = sourcecode.swift; path = ShortcutField.swift; sourceTree = "<group>"; };
		3E9BB12E20B13E0700E70738 /* AddMappingDialogController.swift */ = {isa = PBXFileReference; fileEncoding = 4; lastKnownFileType = sourcecode.swift; path = AddMappingDialogController.swift; sourceTree = "<group>"; };
/* End PBXFileReference section */

/* Begin PBXFrameworksBuildPhase section */
		3E369CF020AFFC8500F26B08 /* Frameworks */ = {
			isa = PBXFrameworksBuildPhase;
			buildActionMask = 2147483647;
			files = (
			);
			runOnlyForDeploymentPostprocessing = 0;
		};
/* End PBXFrameworksBuildPhase section */

/* Begin PBXGroup section */
		3E369CEA20AFFC8500F26B08 = {
			isa = PBXGroup;
			children = (
				3E369D0C20B010D800F26B08 /* UI */,
				3E369CF520AFFC8500F26B08 /* HotKeys */,
				3E369D0920B00B9500F26B08 /* Domain */,
				3E369CF420AFFC8500F26B08 /* Products */,
				3E369CFA20AFFC8500F26B08 /* Assets.xcassets */,
				3E369CFF20AFFC8500F26B08 /* Info.plist */,
			);
			sourceTree = "<group>";
		};
		3E369CF420AFFC8500F26B08 /* Products */ = {
			isa = PBXGroup;
			children = (
				3E369CF320AFFC8500F26B08 /* HotKeys.app */,
			);
			name = Products;
			sourceTree = "<group>";
		};
		3E369CF520AFFC8500F26B08 /* HotKeys */ = {
			isa = PBXGroup;
			children = (
				3E369CF620AFFC8500F26B08 /* AppDelegate.swift */,
				3E369D0720AFFE7600F26B08 /* KeyHandler.swift */,
				3E369D1220B01DE800F26B08 /* ProfileContext.swift */,
				3E612D7420B153FF008CE4C7 /* ActionExecutor.swift */,
			);
			path = HotKeys;
			sourceTree = "<group>";
		};
		3E369D0920B00B9500F26B08 /* Domain */ = {
			isa = PBXGroup;
			children = (
				3E369D0A20B00BBB00F26B08 /* Profile.swift */,
			);
			name = Domain;
			sourceTree = "<group>";
		};
		3E369D0C20B010D800F26B08 /* UI */ = {
			isa = PBXGroup;
			children = (
				3E369D0F20B0158200F26B08 /* Mapper */,
				3E369D0520AFFCD700F26B08 /* MainMenu.xib */,
			);
			name = UI;
			sourceTree = "<group>";
		};
		3E369D0F20B0158200F26B08 /* Mapper */ = {
			isa = PBXGroup;
			children = (
				3E369D0D20B0110C00F26B08 /* MapperWindow.xib */,
				3E369D1420B0209700F26B08 /* ProfileDataSource.swift */,
				3E9BB12C20B13BE700E70738 /* ShortcutField.swift */,
				3E369D1020B0190B00F26B08 /* MapperWindowController.swift */,
				3E9BB12A20B135DE00E70738 /* AddMappingDialog.xib */,
				3E9BB12E20B13E0700E70738 /* AddMappingDialogController.swift */,
			);
			name = Mapper;
			sourceTree = "<group>";
		};
/* End PBXGroup section */

/* Begin PBXNativeTarget section */
		3E369CF220AFFC8500F26B08 /* HotKeys */ = {
			isa = PBXNativeTarget;
			buildConfigurationList = 3E369D0220AFFC8500F26B08 /* Build configuration list for PBXNativeTarget "HotKeys" */;
			buildPhases = (
				3E369CEF20AFFC8500F26B08 /* Sources */,
				3E369CF020AFFC8500F26B08 /* Frameworks */,
				3E369CF120AFFC8500F26B08 /* Resources */,
			);
			buildRules = (
			);
			dependencies = (
			);
			name = HotKeys;
			productName = HotKeys;
			productReference = 3E369CF320AFFC8500F26B08 /* HotKeys.app */;
			productType = "com.apple.product-type.application";
		};
/* End PBXNativeTarget section */

/* Begin PBXProject section */
		3E369CEB20AFFC8500F26B08 /* Project object */ = {
			isa = PBXProject;
			attributes = {
				LastSwiftUpdateCheck = 0830;
				LastUpgradeCheck = 0830;
				ORGANIZATIONNAME = anon;
				TargetAttributes = {
					3E369CF220AFFC8500F26B08 = {
						CreatedOnToolsVersion = 8.3.3;
						ProvisioningStyle = Automatic;
					};
				};
			};
			buildConfigurationList = 3E369CEE20AFFC8500F26B08 /* Build configuration list for PBXProject "HotKeys" */;
			compatibilityVersion = "Xcode 3.2";
			developmentRegion = English;
			hasScannedForEncodings = 0;
			knownRegions = (
				en,
				Base,
			);
			mainGroup = 3E369CEA20AFFC8500F26B08;
			productRefGroup = 3E369CF420AFFC8500F26B08 /* Products */;
			projectDirPath = "";
			projectRoot = "";
			targets = (
				3E369CF220AFFC8500F26B08 /* HotKeys */,
			);
		};
/* End PBXProject section */

/* Begin PBXResourcesBuildPhase section */
		3E369CF120AFFC8500F26B08 /* Resources */ = {
			isa = PBXResourcesBuildPhase;
			buildActionMask = 2147483647;
			files = (
				3E369CFB20AFFC8500F26B08 /* Assets.xcassets in Resources */,
				3E369D0E20B0110C00F26B08 /* MapperWindow.xib in Resources */,
				3E9BB12B20B135DE00E70738 /* AddMappingDialog.xib in Resources */,
				3E369D0620AFFCD700F26B08 /* MainMenu.xib in Resources */,
			);
			runOnlyForDeploymentPostprocessing = 0;
		};
/* End PBXResourcesBuildPhase section */

/* Begin PBXSourcesBuildPhase section */
		3E369CEF20AFFC8500F26B08 /* Sources */ = {
			isa = PBXSourcesBuildPhase;
			buildActionMask = 2147483647;
			files = (
				3E9BB12F20B13E0700E70738 /* AddMappingDialogController.swift in Sources */,
				3E369D1120B0190B00F26B08 /* MapperWindowController.swift in Sources */,
				3E369D0B20B00BBB00F26B08 /* Profile.swift in Sources */,
				3E369CF720AFFC8500F26B08 /* AppDelegate.swift in Sources */,
				3E612D7520B153FF008CE4C7 /* ActionExecutor.swift in Sources */,
				3E9BB12D20B13BE700E70738 /* ShortcutField.swift in Sources */,
				3E369D0820AFFE7600F26B08 /* KeyHandler.swift in Sources */,
				3E369D1520B0209700F26B08 /* ProfileDataSource.swift in Sources */,
				3E369D1320B01DE800F26B08 /* ProfileContext.swift in Sources */,
			);
			runOnlyForDeploymentPostprocessing = 0;
		};
/* End PBXSourcesBuildPhase section */

/* Begin XCBuildConfiguration section */
		3E369D0020AFFC8500F26B08 /* Debug */ = {
			isa = XCBuildConfiguration;
			buildSettings = {
				ALWAYS_SEARCH_USER_PATHS = NO;
				CLANG_ANALYZER_NONNULL = YES;
				CLANG_ANALYZER_NUMBER_OBJECT_CONVERSION = YES_AGGRESSIVE;
				CLANG_CXX_LANGUAGE_STANDARD = "gnu++0x";
				CLANG_CXX_LIBRARY = "libc++";
				CLANG_ENABLE_MODULES = YES;
				CLANG_ENABLE_OBJC_ARC = YES;
				CLANG_WARN_BOOL_CONVERSION = YES;
				CLANG_WARN_CONSTANT_CONVERSION = YES;
				CLANG_WARN_DIRECT_OBJC_ISA_USAGE = YES_ERROR;
				CLANG_WARN_DOCUMENTATION_COMMENTS = YES;
				CLANG_WARN_EMPTY_BODY = YES;
				CLANG_WARN_ENUM_CONVERSION = YES;
				CLANG_WARN_INFINITE_RECURSION = YES;
				CLANG_WARN_INT_CONVERSION = YES;
				CLANG_WARN_OBJC_ROOT_CLASS = YES_ERROR;
				CLANG_WARN_SUSPICIOUS_MOVE = YES;
				CLANG_WARN_UNREACHABLE_CODE = YES;
				CLANG_WARN__DUPLICATE_METHOD_MATCH = YES;
				CODE_SIGN_IDENTITY = "-";
				COPY_PHASE_STRIP = NO;
				DEBUG_INFORMATION_FORMAT = dwarf;
				ENABLE_STRICT_OBJC_MSGSEND = YES;
				ENABLE_TESTABILITY = YES;
				GCC_C_LANGUAGE_STANDARD = gnu99;
				GCC_DYNAMIC_NO_PIC = NO;
				GCC_NO_COMMON_BLOCKS = YES;
				GCC_OPTIMIZATION_LEVEL = 0;
				GCC_PREPROCESSOR_DEFINITIONS = (
					"DEBUG=1",
					"$(inherited)",
				);
				GCC_WARN_64_TO_32_BIT_CONVERSION = YES;
				GCC_WARN_ABOUT_RETURN_TYPE = YES_ERROR;
				GCC_WARN_UNDECLARED_SELECTOR = YES;
				GCC_WARN_UNINITIALIZED_AUTOS = YES_AGGRESSIVE;
				GCC_WARN_UNUSED_FUNCTION = YES;
				GCC_WARN_UNUSED_VARIABLE = YES;
				MACOSX_DEPLOYMENT_TARGET = 10.12;
				MTL_ENABLE_DEBUG_INFO = YES;
				ONLY_ACTIVE_ARCH = YES;
				SDKROOT = macosx;
				SWIFT_ACTIVE_COMPILATION_CONDITIONS = DEBUG;
				SWIFT_OPTIMIZATION_LEVEL = "-Onone";
			};
			name = Debug;
		};
		3E369D0120AFFC8500F26B08 /* Release */ = {
			isa = XCBuildConfiguration;
			buildSettings = {
				ALWAYS_SEARCH_USER_PATHS = NO;
				CLANG_ANALYZER_NONNULL = YES;
				CLANG_ANALYZER_NUMBER_OBJECT_CONVERSION = YES_AGGRESSIVE;
				CLANG_CXX_LANGUAGE_STANDARD = "gnu++0x";
				CLANG_CXX_LIBRARY = "libc++";
				CLANG_ENABLE_MODULES = YES;
				CLANG_ENABLE_OBJC_ARC = YES;
				CLANG_WARN_BOOL_CONVERSION = YES;
				CLANG_WARN_CONSTANT_CONVERSION = YES;
				CLANG_WARN_DIRECT_OBJC_ISA_USAGE = YES_ERROR;
				CLANG_WARN_DOCUMENTATION_COMMENTS = YES;
				CLANG_WARN_EMPTY_BODY = YES;
				CLANG_WARN_ENUM_CONVERSION = YES;
				CLANG_WARN_INFINITE_RECURSION = YES;
				CLANG_WARN_INT_CONVERSION = YES;
				CLANG_WARN_OBJC_ROOT_CLASS = YES_ERROR;
				CLANG_WARN_SUSPICIOUS_MOVE = YES;
				CLANG_WARN_UNREACHABLE_CODE = YES;
				CLANG_WARN__DUPLICATE_METHOD_MATCH = YES;
				CODE_SIGN_IDENTITY = "-";
				COPY_PHASE_STRIP = NO;
				DEBUG_INFORMATION_FORMAT = "dwarf-with-dsym";
				ENABLE_NS_ASSERTIONS = NO;
				ENABLE_STRICT_OBJC_MSGSEND = YES;
				GCC_C_LANGUAGE_STANDARD = gnu99;
				GCC_NO_COMMON_BLOCKS = YES;
				GCC_WARN_64_TO_32_BIT_CONVERSION = YES;
				GCC_WARN_ABOUT_RETURN_TYPE = YES_ERROR;
				GCC_WARN_UNDECLARED_SELECTOR = YES;
				GCC_WARN_UNINITIALIZED_AUTOS = YES_AGGRESSIVE;
				GCC_WARN_UNUSED_FUNCTION = YES;
				GCC_WARN_UNUSED_VARIABLE = YES;
				MACOSX_DEPLOYMENT_TARGET = 10.12;
				MTL_ENABLE_DEBUG_INFO = NO;
				SDKROOT = macosx;
				SWIFT_OPTIMIZATION_LEVEL = "-Owholemodule";
			};
			name = Release;
		};
		3E369D0320AFFC8500F26B08 /* Debug */ = {
			isa = XCBuildConfiguration;
			buildSettings = {
				ASSETCATALOG_COMPILER_APPICON_NAME = AppIcon;
				COMBINE_HIDPI_IMAGES = YES;
				INFOPLIST_FILE = HotKeys/Info.plist;
				LD_RUNPATH_SEARCH_PATHS = "$(inherited) @executable_path/../Frameworks";
				PRODUCT_BUNDLE_IDENTIFIER = anon.HotKeys;
				PRODUCT_NAME = "$(TARGET_NAME)";
				SWIFT_VERSION = 3.0;
			};
			name = Debug;
		};
		3E369D0420AFFC8500F26B08 /* Release */ = {
			isa = XCBuildConfiguration;
			buildSettings = {
				ASSETCATALOG_COMPILER_APPICON_NAME = AppIcon;
				COMBINE_HIDPI_IMAGES = YES;
				INFOPLIST_FILE = HotKeys/Info.plist;
				LD_RUNPATH_SEARCH_PATHS = "$(inherited) @executable_path/../Frameworks";
				PRODUCT_BUNDLE_IDENTIFIER = anon.HotKeys;
				PRODUCT_NAME = "$(TARGET_NAME)";
				SWIFT_VERSION = 3.0;
			};
			name = Release;
		};
/* End XCBuildConfiguration section */

/* Begin XCConfigurationList section */
		3E369CEE20AFFC8500F26B08 /* Build configuration list for PBXProject "HotKeys" */ = {
			isa = XCConfigurationList;
			buildConfigurations = (
				3E369D0020AFFC8500F26B08 /* Debug */,
				3E369D0120AFFC8500F26B08 /* Release */,
			);
			defaultConfigurationIsVisible = 0;
			defaultConfigurationName = Release;
		};
		3E369D0220AFFC8500F26B08 /* Build configuration list for PBXNativeTarget "HotKeys" */ = {
			isa = XCConfigurationList;
			buildConfigurations = (
				3E369D0320AFFC8500F26B08 /* Debug */,
				3E369D0420AFFC8500F26B08 /* Release */,
			);
			defaultConfigurationIsVisible = 0;
			defaultConfigurationName = Release;
		};
/* End XCConfigurationList section */
	};
	rootObject = 3E369CEB20AFFC8500F26B08 /* Project object */;
}
